
Microsoft Visual Studio Solution File, Format Version 11.00
# Visual Studio 2010
Project("{FAE04EC0-301F-11D3-BF4B-00C04F79EFBC}") = "HaxeBinding", "HaxeBinding\HaxeBinding.csproj", "{83A1EED7-C53C-4A24-9173-745D62852C8B}"
EndProject
Global
	GlobalSection(SolutionConfigurationPlatforms) = preSolution
		Debug|Any CPU = Debug|Any CPU
		Release|Any CPU = Release|Any CPU
	EndGlobalSection
	GlobalSection(ProjectConfigurationPlatforms) = postSolution
		{83A1EED7-C53C-4A24-9173-745D62852C8B}.Debug|Any CPU.ActiveCfg = Debug|Any CPU
		{83A1EED7-C53C-4A24-9173-745D62852C8B}.Debug|Any CPU.Build.0 = Debug|Any CPU
		{83A1EED7-C53C-4A24-9173-745D62852C8B}.Release|Any CPU.ActiveCfg = Release|Any CPU
		{83A1EED7-C53C-4A24-9173-745D62852C8B}.Release|Any CPU.Build.0 = Release|Any CPU
	EndGlobalSection
	GlobalSection(MonoDevelopProperties) = preSolution
		StartupItem = HaxeBinding\HaxeBinding.csproj
		version = 0.2
	EndGlobalSection
EndGlobal
